PODS:
  - CocoaLumberjack (3.9.0):
    - CocoaLumberjack/Core (= 3.9.0)
  - CocoaLumberjack/Core (3.9.0)
  - cupertino_native (0.0.1):
    - Flutter
    - SVGKit (~> 3.0)
  - Flutter (1.0.0)
  - integration_test (0.0.1):
    - Flutter
  - SVGKit (3.0.0):
    - CocoaLumberjack (~> 3.0)

DEPENDENCIES:
  - cupertino_native (from `.symlinks/plugins/cupertino_native/ios`)
  - Flutter (from `Flutter`)
  - integration_test (from `.symlinks/plugins/integration_test/ios`)

SPEC REPOS:
  trunk:
    - CocoaLumberjack
    - SVGKit

EXTERNAL SOURCES:
  cupertino_native:
    :path: ".symlinks/plugins/cupertino_native/ios"
  Flutter:
    :path: Flutter
  integration_test:
    :path: ".symlinks/plugins/integration_test/ios"

SPEC CHECKSUMS:
  CocoaLumberjack: 5644158777912b7de7469fa881f8a3f259c2512a
  cupertino_native: cea57846733e10e3b344015a0e243697f046a86f
  Flutter: cabc95a1d2626b1b06e7179b784ebcf0c0cde467
  integration_test: 4a889634ef21a45d28d50d622cf412dc6d9f586e
  SVGKit: 1ad7513f8c74d9652f94ed64ddecda1a23864dea

PODFILE CHECKSUM: e30f02f9d1c72c47bb6344a0a748c9d268180865

COCOAPODS: 1.16.2
